
Microsoft Visual Studio Solution File, Format Version 12.00
# Visual Studio 2012
Project("{FAE04EC0-301F-11D3-BF4B-00C04F79EFBC}") = "ChatMe", "ChatMe\ChatMe.csproj", "{580AE37D-346E-4836-84C3-2A4B2C773AF7}"
EndProject
Project("{FAE04EC0-301F-11D3-BF4B-00C04F79EFBC}") = "ChatMe.iOS", "iOS\ChatMe.iOS.csproj", "{9E15AEBA-6D6D-41A4-85FD-F85A6FD093BE}"
EndProject
Project("{FAE04EC0-301F-11D3-BF4B-00C04F79EFBC}") = "ChatMe.Droid", "Droid\ChatMe.Droid.csproj", "{BA4095BF-D213-4CAF-BF07-E1F36A2659B5}"
EndProject
Global
	GlobalSection(SolutionConfigurationPlatforms) = preSolution
		Debug|Any CPU = Debug|Any CPU
		Release|Any CPU = Release|Any CPU
		Debug|iPhoneSimulator = Debug|iPhoneSimulator
		Release|iPhone = Release|iPhone
		Release|iPhoneSimulator = Release|iPhoneSimulator
		Debug|iPhone = Debug|iPhone
	EndGlobalSection
	GlobalSection(ProjectConfigurationPlatforms) = postSolution
		{580AE37D-346E-4836-84C3-2A4B2C773AF7}.Debug|Any CPU.ActiveCfg = Debug|Any CPU
		{580AE37D-346E-4836-84C3-2A4B2C773AF7}.Debug|Any CPU.Build.0 = Debug|Any CPU
		{580AE37D-346E-4836-84C3-2A4B2C773AF7}.Release|Any CPU.ActiveCfg = Release|Any CPU
		{580AE37D-346E-4836-84C3-2A4B2C773AF7}.Release|Any CPU.Build.0 = Release|Any CPU
		{580AE37D-346E-4836-84C3-2A4B2C773AF7}.Debug|iPhoneSimulator.ActiveCfg = Debug|Any CPU
		{580AE37D-346E-4836-84C3-2A4B2C773AF7}.Debug|iPhoneSimulator.Build.0 = Debug|Any CPU
		{580AE37D-346E-4836-84C3-2A4B2C773AF7}.Release|iPhone.ActiveCfg = Release|Any CPU
		{580AE37D-346E-4836-84C3-2A4B2C773AF7}.Release|iPhone.Build.0 = Release|Any CPU
		{580AE37D-346E-4836-84C3-2A4B2C773AF7}.Release|iPhoneSimulator.ActiveCfg = Release|Any CPU
		{580AE37D-346E-4836-84C3-2A4B2C773AF7}.Release|iPhoneSimulator.Build.0 = Release|Any CPU
		{580AE37D-346E-4836-84C3-2A4B2C773AF7}.Debug|iPhone.ActiveCfg = Debug|Any CPU
		{580AE37D-346E-4836-84C3-2A4B2C773AF7}.Debug|iPhone.Build.0 = Debug|Any CPU
		{9E15AEBA-6D6D-41A4-85FD-F85A6FD093BE}.Debug|Any CPU.ActiveCfg = Debug|iPhoneSimulator
		{9E15AEBA-6D6D-41A4-85FD-F85A6FD093BE}.Debug|Any CPU.Build.0 = Debug|iPhoneSimulator
		{9E15AEBA-6D6D-41A4-85FD-F85A6FD093BE}.Release|Any CPU.ActiveCfg = Debug|iPhoneSimulator
		{9E15AEBA-6D6D-41A4-85FD-F85A6FD093BE}.Release|Any CPU.Build.0 = Debug|iPhoneSimulator
		{9E15AEBA-6D6D-41A4-85FD-F85A6FD093BE}.Debug|iPhoneSimulator.ActiveCfg = Debug|iPhoneSimulator
		{9E15AEBA-6D6D-41A4-85FD-F85A6FD093BE}.Debug|iPhoneSimulator.Build.0 = Debug|iPhoneSimulator
		{9E15AEBA-6D6D-41A4-85FD-F85A6FD093BE}.Release|iPhone.ActiveCfg = Release|iPhone
		{9E15AEBA-6D6D-41A4-85FD-F85A6FD093BE}.Release|iPhone.Build.0 = Release|iPhone
		{9E15AEBA-6D6D-41A4-85FD-F85A6FD093BE}.Release|iPhoneSimulator.ActiveCfg = Release|iPhoneSimulator
		{9E15AEBA-6D6D-41A4-85FD-F85A6FD093BE}.Release|iPhoneSimulator.Build.0 = Release|iPhoneSimulator
		{9E15AEBA-6D6D-41A4-85FD-F85A6FD093BE}.Debug|iPhone.ActiveCfg = Debug|iPhone
		{9E15AEBA-6D6D-41A4-85FD-F85A6FD093BE}.Debug|iPhone.Build.0 = Debug|iPhone
		{BA4095BF-D213-4CAF-BF07-E1F36A2659B5}.Debug|Any CPU.ActiveCfg = Debug|Any CPU
		{BA4095BF-D213-4CAF-BF07-E1F36A2659B5}.Debug|Any CPU.Build.0 = Debug|Any CPU
		{BA4095BF-D213-4CAF-BF07-E1F36A2659B5}.Release|Any CPU.ActiveCfg = Release|Any CPU
		{BA4095BF-D213-4CAF-BF07-E1F36A2659B5}.Release|Any CPU.Build.0 = Release|Any CPU
		{BA4095BF-D213-4CAF-BF07-E1F36A2659B5}.Debug|iPhoneSimulator.ActiveCfg = Debug|Any CPU
		{BA4095BF-D213-4CAF-BF07-E1F36A2659B5}.Debug|iPhoneSimulator.Build.0 = Debug|Any CPU
		{BA4095BF-D213-4CAF-BF07-E1F36A2659B5}.Release|iPhone.ActiveCfg = Release|Any CPU
		{BA4095BF-D213-4CAF-BF07-E1F36A2659B5}.Release|iPhone.Build.0 = Release|Any CPU
		{BA4095BF-D213-4CAF-BF07-E1F36A2659B5}.Release|iPhoneSimulator.ActiveCfg = Release|Any CPU
		{BA4095BF-D213-4CAF-BF07-E1F36A2659B5}.Release|iPhoneSimulator.Build.0 = Release|Any CPU
		{BA4095BF-D213-4CAF-BF07-E1F36A2659B5}.Debug|iPhone.ActiveCfg = Debug|Any CPU
		{BA4095BF-D213-4CAF-BF07-E1F36A2659B5}.Debug|iPhone.Build.0 = Debug|Any CPU
	EndGlobalSection
EndGlobal
